// !$*UTF8*$!
{
	archiveVersion = 1;
	classes = {
	};
	objectVersion = 55;
	objects = {

/* Begin PBXBuildFile section */
		45447C47285A164700A71479 /* AppDelegate.swift in Sources */ = {isa = PBXBuildFile; fileRef = 45447C46285A164700A71479 /* AppDelegate.swift */; };
		45447C49285A164700A71479 /* SceneDelegate.swift in Sources */ = {isa = PBXBuildFile; fileRef = 45447C48285A164700A71479 /* SceneDelegate.swift */; };
		45447C4B285A164700A71479 /* ViewController.swift in Sources */ = {isa = PBXBuildFile; fileRef = 45447C4A285A164700A71479 /* ViewController.swift */; };
		45447C4E285A164700A71479 /* Main.storyboard in Resources */ = {isa = PBXBuildFile; fileRef = 45447C4C285A164700A71479 /* Main.storyboard */; };
		45447C50285A164900A71479 /* Assets.xcassets in Resources */ = {isa = PBXBuildFile; fileRef = 45447C4F285A164900A71479 /* Assets.xcassets */; };
		45447C53285A164900A71479 /* LaunchScreen.storyboard in Resources */ = {isa = PBXBuildFile; fileRef = 45447C51285A164900A71479 /* LaunchScreen.storyboard */; };
		45447C5E285A167E00A71479 /* Movie.swift in Sources */ = {isa = PBXBuildFile; fileRef = 45447C5D285A167E00A71479 /* Movie.swift */; };
		45447C61285A169800A71479 /* NetworkManager.swift in Sources */ = {isa = PBXBuildFile; fileRef = 45447C60285A169800A71479 /* NetworkManager.swift */; };
		45447C63285A16B900A71479 /* ViewModel.swift in Sources */ = {isa = PBXBuildFile; fileRef = 45447C62285A16B900A71479 /* ViewModel.swift */; };
		45447C65285A16CE00A71479 /* ViewModelProtocol.swift in Sources */ = {isa = PBXBuildFile; fileRef = 45447C64285A16CE00A71479 /* ViewModelProtocol.swift */; };
		45447C6A285A174400A71479 /* MovieCollectionViewCell.swift in Sources */ = {isa = PBXBuildFile; fileRef = 45447C69285A174400A71479 /* MovieCollectionViewCell.swift */; };
		45447C6C285A176B00A71479 /* MovieCollectionViewCell.xib in Resources */ = {isa = PBXBuildFile; fileRef = 45447C6B285A176B00A71479 /* MovieCollectionViewCell.xib */; };
		45447C6E285A180600A71479 /* MovieImageView.swift in Sources */ = {isa = PBXBuildFile; fileRef = 45447C6D285A180600A71479 /* MovieImageView.swift */; };
/* End PBXBuildFile section */

/* Begin PBXFileReference section */
		45447C43285A164700A71479 /* Movie.app */ = {isa = PBXFileReference; explicitFileType = wrapper.application; includeInIndex = 0; path = Movie.app; sourceTree = BUILT_PRODUCTS_DIR; };
		45447C46285A164700A71479 /* AppDelegate.swift */ = {isa = PBXFileReference; lastKnownFileType = sourcecode.swift; path = AppDelegate.swift; sourceTree = "<group>"; };
		45447C48285A164700A71479 /* SceneDelegate.swift */ = {isa = PBXFileReference; lastKnownFileType = sourcecode.swift; path = SceneDelegate.swift; sourceTree = "<group>"; };
		45447C4A285A164700A71479 /* ViewController.swift */ = {isa = PBXFileReference; lastKnownFileType = sourcecode.swift; path = ViewController.swift; sourceTree = "<group>"; };
		45447C4D285A164700A71479 /* Base */ = {isa = PBXFileReference; lastKnownFileType = file.storyboard; name = Base; path = Base.lproj/Main.storyboard; sourceTree = "<group>"; };
		45447C4F285A164900A71479 /* Assets.xcassets */ = {isa = PBXFileReference; lastKnownFileType = folder.assetcatalog; path = Assets.xcassets; sourceTree = "<group>"; };
		45447C52285A164900A71479 /* Base */ = {isa = PBXFileReference; lastKnownFileType = file.storyboard; name = Base; path = Base.lproj/LaunchScreen.storyboard; sourceTree = "<group>"; };
		45447C54285A164900A71479 /* Info.plist */ = {isa = PBXFileReference; lastKnownFileType = text.plist.xml; path = Info.plist; sourceTree = "<group>"; };
		45447C5D285A167E00A71479 /* Movie.swift */ = {isa = PBXFileReference; lastKnownFileType = sourcecode.swift; path = Movie.swift; sourceTree = "<group>"; };
		45447C60285A169800A71479 /* NetworkManager.swift */ = {isa = PBXFileReference; lastKnownFileType = sourcecode.swift; path = NetworkManager.swift; sourceTree = "<group>"; };
		45447C62285A16B900A71479 /* ViewModel.swift */ = {isa = PBXFileReference; lastKnownFileType = sourcecode.swift; path = ViewModel.swift; sourceTree = "<group>"; };
		45447C64285A16CE00A71479 /* ViewModelProtocol.swift */ = {isa = PBXFileReference; lastKnownFileType = sourcecode.swift; path = ViewModelProtocol.swift; sourceTree = "<group>"; };
		45447C69285A174400A71479 /* MovieCollectionViewCell.swift */ = {isa = PBXFileReference; lastKnownFileType = sourcecode.swift; path = MovieCollectionViewCell.swift; sourceTree = "<group>"; };
		45447C6B285A176B00A71479 /* MovieCollectionViewCell.xib */ = {isa = PBXFileReference; lastKnownFileType = file.xib; path = MovieCollectionViewCell.xib; sourceTree = "<group>"; };
		45447C6D285A180600A71479 /* MovieImageView.swift */ = {isa = PBXFileReference; lastKnownFileType = sourcecode.swift; path = MovieImageView.swift; sourceTree = "<group>"; };
/* End PBXFileReference section */

/* Begin PBXFrameworksBuildPhase section */
		45447C40285A164700A71479 /* Frameworks */ = {
			isa = PBXFrameworksBuildPhase;
			buildActionMask = 2147483647;
			files = (
			);
			runOnlyForDeploymentPostprocessing = 0;
		};
/* End PBXFrameworksBuildPhase section */

/* Begin PBXGroup section */
		45447C3A285A164700A71479 = {
			isa = PBXGroup;
			children = (
				45447C45285A164700A71479 /* Movie */,
				45447C44285A164700A71479 /* Products */,
			);
			sourceTree = "<group>";
		};
		45447C44285A164700A71479 /* Products */ = {
			isa = PBXGroup;
			children = (
				45447C43285A164700A71479 /* Movie.app */,
			);
			name = Products;
			sourceTree = "<group>";
		};
		45447C45285A164700A71479 /* Movie */ = {
			isa = PBXGroup;
			children = (
				45447C5F285A168B00A71479 /* Service */,
				45447C5C285A166100A71479 /* Model */,
				45447C5B285A165A00A71479 /* ViewModel */,
				45447C5A285A165500A71479 /* View */,
				45447C46285A164700A71479 /* AppDelegate.swift */,
				45447C48285A164700A71479 /* SceneDelegate.swift */,
				45447C4F285A164900A71479 /* Assets.xcassets */,
				45447C51285A164900A71479 /* LaunchScreen.storyboard */,
				45447C54285A164900A71479 /* Info.plist */,
			);
			path = Movie;
			sourceTree = "<group>";
		};
		45447C5A285A165500A71479 /* View */ = {
			isa = PBXGroup;
			children = (
				45447C4A285A164700A71479 /* ViewController.swift */,
				45447C4C285A164700A71479 /* Main.storyboard */,
				45447C68285A173800A71479 /* Cell */,
			);
			path = View;
			sourceTree = "<group>";
		};
		45447C5B285A165A00A71479 /* ViewModel */ = {
			isa = PBXGroup;
			children = (
				45447C62285A16B900A71479 /* ViewModel.swift */,
				45447C64285A16CE00A71479 /* ViewModelProtocol.swift */,
			);
			path = ViewModel;
			sourceTree = "<group>";
		};
		45447C5C285A166100A71479 /* Model */ = {
			isa = PBXGroup;
			children = (
				45447C5D285A167E00A71479 /* Movie.swift */,
			);
			path = Model;
			sourceTree = "<group>";
		};
		45447C5F285A168B00A71479 /* Service */ = {
			isa = PBXGroup;
			children = (
				45447C60285A169800A71479 /* NetworkManager.swift */,
			);
			path = Service;
			sourceTree = "<group>";
		};
		45447C68285A173800A71479 /* Cell */ = {
			isa = PBXGroup;
			children = (
				45447C6D285A180600A71479 /* MovieImageView.swift */,
				45447C69285A174400A71479 /* MovieCollectionViewCell.swift */,
				45447C6B285A176B00A71479 /* MovieCollectionViewCell.xib */,
			);
			path = Cell;
			sourceTree = "<group>";
		};
/* End PBXGroup section */

/* Begin PBXNativeTarget section */
		45447C42285A164700A71479 /* Movie */ = {
			isa = PBXNativeTarget;
			buildConfigurationList = 45447C57285A164900A71479 /* Build configuration list for PBXNativeTarget "Movie" */;
			buildPhases = (
				45447C3F285A164700A71479 /* Sources */,
				45447C40285A164700A71479 /* Frameworks */,
				45447C41285A164700A71479 /* Resources */,
			);
			buildRules = (
			);
			dependencies = (
			);
			name = Movie;
			productName = Movie;
			productReference = 45447C43285A164700A71479 /* Movie.app */;
			productType = "com.apple.product-type.application";
		};
/* End PBXNativeTarget section */

/* Begin PBXProject section */
		45447C3B285A164700A71479 /* Project object */ = {
			isa = PBXProject;
			attributes = {
				BuildIndependentTargetsInParallel = 1;
				LastSwiftUpdateCheck = 1310;
				LastUpgradeCheck = 1310;
				TargetAttributes = {
					45447C42285A164700A71479 = {
						CreatedOnToolsVersion = 13.1;
					};
				};
			};
			buildConfigurationList = 45447C3E285A164700A71479 /* Build configuration list for PBXProject "Movie" */;
			compatibilityVersion = "Xcode 13.0";
			developmentRegion = en;
			hasScannedForEncodings = 0;
			knownRegions = (
				en,
				Base,
			);
			mainGroup = 45447C3A285A164700A71479;
			productRefGroup = 45447C44285A164700A71479 /* Products */;
			projectDirPath = "";
			projectRoot = "";
			targets = (
				45447C42285A164700A71479 /* Movie */,
			);
		};
/* End PBXProject section */

/* Begin PBXResourcesBuildPhase section */
		45447C41285A164700A71479 /* Resources */ = {
			isa = PBXResourcesBuildPhase;
			buildActionMask = 2147483647;
			files = (
				45447C53285A164900A71479 /* LaunchScreen.storyboard in Resources */,
				45447C50285A164900A71479 /* Assets.xcassets in Resources */,
				45447C4E285A164700A71479 /* Main.storyboard in Resources */,
				45447C6C285A176B00A71479 /* MovieCollectionViewCell.xib in Resources */,
			);
			runOnlyForDeploymentPostprocessing = 0;
		};
/* End PBXResourcesBuildPhase section */

/* Begin PBXSourcesBuildPhase section */
		45447C3F285A164700A71479 /* Sources */ = {
			isa = PBXSourcesBuildPhase;
			buildActionMask = 2147483647;
			files = (
				45447C4B285A164700A71479 /* ViewController.swift in Sources */,
				45447C47285A164700A71479 /* AppDelegate.swift in Sources */,
				45447C61285A169800A71479 /* NetworkManager.swift in Sources */,
				45447C5E285A167E00A71479 /* Movie.swift in Sources */,
				45447C65285A16CE00A71479 /* ViewModelProtocol.swift in Sources */,
				45447C6E285A180600A71479 /* MovieImageView.swift in Sources */,
				45447C63285A16B900A71479 /* ViewModel.swift in Sources */,
				45447C49285A164700A71479 /* SceneDelegate.swift in Sources */,
				45447C6A285A174400A71479 /* MovieCollectionViewCell.swift in Sources */,
			);
			runOnlyForDeploymentPostprocessing = 0;
		};
/* End PBXSourcesBuildPhase section */

/* Begin PBXVariantGroup section */
		45447C4C285A164700A71479 /* Main.storyboard */ = {
			isa = PBXVariantGroup;
			children = (
				45447C4D285A164700A71479 /* Base */,
			);
			name = Main.storyboard;
			sourceTree = "<group>";
		};
		45447C51285A164900A71479 /* LaunchScreen.storyboard */ = {
			isa = PBXVariantGroup;
			children = (
				45447C52285A164900A71479 /* Base */,
			);
			name = LaunchScreen.storyboard;
			sourceTree = "<group>";
		};
/* End PBXVariantGroup section */

/* Begin XCBuildConfiguration section */
		45447C55285A164900A71479 /* Debug */ = {
			isa = XCBuildConfiguration;
			buildSettings = {
				ALWAYS_SEARCH_USER_PATHS = NO;
				CLANG_ANALYZER_NONNULL = YES;
				CLANG_ANALYZER_NUMBER_OBJECT_CONVERSION = YES_AGGRESSIVE;
				CLANG_CXX_LANGUAGE_STANDARD = "gnu++17";
				CLANG_CXX_LIBRARY = "libc++";
				CLANG_ENABLE_MODULES = YES;
				CLANG_ENABLE_OBJC_ARC = YES;
				CLANG_ENABLE_OBJC_WEAK = YES;
				CLANG_WARN_BLOCK_CAPTURE_AUTORELEASING = YES;
				CLANG_WARN_BOOL_CONVERSION = YES;
				CLANG_WARN_COMMA = YES;
				CLANG_WARN_CONSTANT_CONVERSION = YES;
				CLANG_WARN_DEPRECATED_OBJC_IMPLEMENTATIONS = YES;
				CLANG_WARN_DIRECT_OBJC_ISA_USAGE = YES_ERROR;
				CLANG_WARN_DOCUMENTATION_COMMENTS = YES;
				CLANG_WARN_EMPTY_BODY = YES;
				CLANG_WARN_ENUM_CONVERSION = YES;
				CLANG_WARN_INFINITE_RECURSION = YES;
				CLANG_WARN_INT_CONVERSION = YES;
				CLANG_WARN_NON_LITERAL_NULL_CONVERSION = YES;
				CLANG_WARN_OBJC_IMPLICIT_RETAIN_SELF = YES;
				CLANG_WARN_OBJC_LITERAL_CONVERSION = YES;
				CLANG_WARN_OBJC_ROOT_CLASS = YES_ERROR;
				CLANG_WARN_QUOTED_INCLUDE_IN_FRAMEWORK_HEADER = YES;
				CLANG_WARN_RANGE_LOOP_ANALYSIS = YES;
				CLANG_WARN_STRICT_PROTOTYPES = YES;
				CLANG_WARN_SUSPICIOUS_MOVE = YES;
				CLANG_WARN_UNGUARDED_AVAILABILITY = YES_AGGRESSIVE;
				CLANG_WARN_UNREACHABLE_CODE = YES;
				CLANG_WARN__DUPLICATE_METHOD_MATCH = YES;
				COPY_PHASE_STRIP = NO;
				DEBUG_INFORMATION_FORMAT = dwarf;
				ENABLE_STRICT_OBJC_MSGSEND = YES;
				ENABLE_TESTABILITY = YES;
				GCC_C_LANGUAGE_STANDARD = gnu11;
				GCC_DYNAMIC_NO_PIC = NO;
				GCC_NO_COMMON_BLOCKS = YES;
				GCC_OPTIMIZATION_LEVEL = 0;
				GCC_PREPROCESSOR_DEFINITIONS = (
					"DEBUG=1",
					"$(inherited)",
				);
				GCC_WARN_64_TO_32_BIT_CONVERSION = YES;
				GCC_WARN_ABOUT_RETURN_TYPE = YES_ERROR;
				GCC_WARN_UNDECLARED_SELECTOR = YES;
				GCC_WARN_UNINITIALIZED_AUTOS = YES_AGGRESSIVE;
				GCC_WARN_UNUSED_FUNCTION = YES;
				GCC_WARN_UNUSED_VARIABLE = YES;
				IPHONEOS_DEPLOYMENT_TARGET = 15.0;
				MTL_ENABLE_DEBUG_INFO = INCLUDE_SOURCE;
				MTL_FAST_MATH = YES;
				ONLY_ACTIVE_ARCH = YES;
				SDKROOT = iphoneos;
				SWIFT_ACTIVE_COMPILATION_CONDITIONS = DEBUG;
				SWIFT_OPTIMIZATION_LEVEL = "-Onone";
			};
			name = Debug;
		};
		45447C56285A164900A71479 /* Release */ = {
			isa = XCBuildConfiguration;
			buildSettings = {
				ALWAYS_SEARCH_USER_PATHS = NO;
				CLANG_ANALYZER_NONNULL = YES;
				CLANG_ANALYZER_NUMBER_OBJECT_CONVERSION = YES_AGGRESSIVE;
				CLANG_CXX_LANGUAGE_STANDARD = "gnu++17";
				CLANG_CXX_LIBRARY = "libc++";
				CLANG_ENABLE_MODULES = YES;
				CLANG_ENABLE_OBJC_ARC = YES;
				CLANG_ENABLE_OBJC_WEAK = YES;
				CLANG_WARN_BLOCK_CAPTURE_AUTORELEASING = YES;
				CLANG_WARN_BOOL_CONVERSION = YES;
				CLANG_WARN_COMMA = YES;
				CLANG_WARN_CONSTANT_CONVERSION = YES;
				CLANG_WARN_DEPRECATED_OBJC_IMPLEMENTATIONS = YES;
				CLANG_WARN_DIRECT_OBJC_ISA_USAGE = YES_ERROR;
				CLANG_WARN_DOCUMENTATION_COMMENTS = YES;
				CLANG_WARN_EMPTY_BODY = YES;
				CLANG_WARN_ENUM_CONVERSION = YES;
				CLANG_WARN_INFINITE_RECURSION = YES;
				CLANG_WARN_INT_CONVERSION = YES;
				CLANG_WARN_NON_LITERAL_NULL_CONVERSION = YES;
				CLANG_WARN_OBJC_IMPLICIT_RETAIN_SELF = YES;
				CLANG_WARN_OBJC_LITERAL_CONVERSION = YES;
				CLANG_WARN_OBJC_ROOT_CLASS = YES_ERROR;
				CLANG_WARN_QUOTED_INCLUDE_IN_FRAMEWORK_HEADER = YES;
				CLANG_WARN_RANGE_LOOP_ANALYSIS = YES;
				CLANG_WARN_STRICT_PROTOTYPES = YES;
				CLANG_WARN_SUSPICIOUS_MOVE = YES;
				CLANG_WARN_UNGUARDED_AVAILABILITY = YES_AGGRESSIVE;
				CLANG_WARN_UNREACHABLE_CODE = YES;
				CLANG_WARN__DUPLICATE_METHOD_MATCH = YES;
				COPY_PHASE_STRIP = NO;
				DEBUG_INFORMATION_FORMAT = "dwarf-with-dsym";
				ENABLE_NS_ASSERTIONS = NO;
				ENABLE_STRICT_OBJC_MSGSEND = YES;
				GCC_C_LANGUAGE_STANDARD = gnu11;
				GCC_NO_COMMON_BLOCKS = YES;
				GCC_WARN_64_TO_32_BIT_CONVERSION = YES;
				GCC_WARN_ABOUT_RETURN_TYPE = YES_ERROR;
				GCC_WARN_UNDECLARED_SELECTOR = YES;
				GCC_WARN_UNINITIALIZED_AUTOS = YES_AGGRESSIVE;
				GCC_WARN_UNUSED_FUNCTION = YES;
				GCC_WARN_UNUSED_VARIABLE = YES;
				IPHONEOS_DEPLOYMENT_TARGET = 15.0;
				MTL_ENABLE_DEBUG_INFO = NO;
				MTL_FAST_MATH = YES;
				SDKROOT = iphoneos;
				SWIFT_COMPILATION_MODE = wholemodule;
				SWIFT_OPTIMIZATION_LEVEL = "-O";
				VALIDATE_PRODUCT = YES;
			};
			name = Release;
		};
		45447C58285A164900A71479 /* Debug */ = {
			isa = XCBuildConfiguration;
			buildSettings = {
				ASSETCATALOG_COMPILER_APPICON_NAME = AppIcon;
				ASSETCATALOG_COMPILER_GLOBAL_ACCENT_COLOR_NAME = AccentColor;
				CODE_SIGN_STYLE = Automatic;
				CURRENT_PROJECT_VERSION = 1;
				GENERATE_INFOPLIST_FILE = YES;
				INFOPLIST_FILE = Movie/Info.plist;
				INFOPLIST_KEY_UIApplicationSupportsIndirectInputEvents = YES;
				INFOPLIST_KEY_UILaunchStoryboardName = LaunchScreen;
				INFOPLIST_KEY_UIMainStoryboardFile = Main;
				INFOPLIST_KEY_UISupportedInterfaceOrientations_iPad = "UIInterfaceOrientationPortrait UIInterfaceOrientationPortraitUpsideDown UIInterfaceOrientationLandscapeLeft UIInterfaceOrientationLandscapeRight";
				INFOPLIST_KEY_UISupportedInterfaceOrientations_iPhone = "UIInterfaceOrientationPortrait UIInterfaceOrientationLandscapeLeft UIInterfaceOrientationLandscapeRight";
				LD_RUNPATH_SEARCH_PATHS = (
					"$(inherited)",
					"@executable_path/Frameworks",
				);
				MARKETING_VERSION = 1.0;
				PRODUCT_BUNDLE_IDENTIFIER = none.Movie;
				PRODUCT_NAME = "$(TARGET_NAME)";
				SWIFT_EMIT_LOC_STRINGS = YES;
				SWIFT_VERSION = 5.0;
				TARGETED_DEVICE_FAMILY = "1,2";
			};
			name = Debug;
		};
		45447C59285A164900A71479 /* Release */ = {
			isa = XCBuildConfiguration;
			buildSettings = {
				ASSETCATALOG_COMPILER_APPICON_NAME = AppIcon;
				ASSETCATALOG_COMPILER_GLOBAL_ACCENT_COLOR_NAME = AccentColor;
				CODE_SIGN_STYLE = Automatic;
				CURRENT_PROJECT_VERSION = 1;
				GENERATE_INFOPLIST_FILE = YES;
				INFOPLIST_FILE = Movie/Info.plist;
				INFOPLIST_KEY_UIApplicationSupportsIndirectInputEvents = YES;
				INFOPLIST_KEY_UILaunchStoryboardName = LaunchScreen;
				INFOPLIST_KEY_UIMainStoryboardFile = Main;
				INFOPLIST_KEY_UISupportedInterfaceOrientations_iPad = "UIInterfaceOrientationPortrait UIInterfaceOrientationPortraitUpsideDown UIInterfaceOrientationLandscapeLeft UIInterfaceOrientationLandscapeRight";
				INFOPLIST_KEY_UISupportedInterfaceOrientations_iPhone = "UIInterfaceOrientationPortrait UIInterfaceOrientationLandscapeLeft UIInterfaceOrientationLandscapeRight";
				LD_RUNPATH_SEARCH_PATHS = (
					"$(inherited)",
					"@executable_path/Frameworks",
				);
				MARKETING_VERSION = 1.0;
				PRODUCT_BUNDLE_IDENTIFIER = none.Movie;
				PRODUCT_NAME = "$(TARGET_NAME)";
				SWIFT_EMIT_LOC_STRINGS = YES;
				SWIFT_VERSION = 5.0;
				TARGETED_DEVICE_FAMILY = "1,2";
			};
			name = Release;
		};
/* End XCBuildConfiguration section */

/* Begin XCConfigurationList section */
		45447C3E285A164700A71479 /* Build configuration list for PBXProject "Movie" */ = {
			isa = XCConfigurationList;
			buildConfigurations = (
				45447C55285A164900A71479 /* Debug */,
				45447C56285A164900A71479 /* Release */,
			);
			defaultConfigurationIsVisible = 0;
			defaultConfigurationName = Release;
		};
		45447C57285A164900A71479 /* Build configuration list for PBXNativeTarget "Movie" */ = {
			isa = XCConfigurationList;
			buildConfigurations = (
				45447C58285A164900A71479 /* Debug */,
				45447C59285A164900A71479 /* Release */,
			);
			defaultConfigurationIsVisible = 0;
			defaultConfigurationName = Release;
		};
/* End XCConfigurationList section */
	};
	rootObject = 45447C3B285A164700A71479 /* Project object */;
}
